
Microsoft Visual Studio Solution File, Format Version 12.00
# Visual Studio 15
VisualStudioVersion = 15.0.28307.168
MinimumVisualStudioVersion = 10.0.40219.1
Project("{FAE04EC0-301F-11D3-BF4B-00C04F79EFBC}") = "UPHSD_OnlineVotingSystem", "UPHSD_OnlineVotingSystem\UPHSD_OnlineVotingSystem.csproj", "{07800C1A-A2CE-4B27-822E-40C85E3C8363}"
EndProject
Global
	GlobalSection(SolutionConfigurationPlatforms) = preSolution
		Debug|Any CPU = Debug|Any CPU
		Release|Any CPU = Release|Any CPU
	EndGlobalSection
	GlobalSection(ProjectConfigurationPlatforms) = postSolution
		{07800C1A-A2CE-4B27-822E-40C85E3C8363}.Debug|Any CPU.ActiveCfg = Debug|Any CPU
		{07800C1A-A2CE-4B27-822E-40C85E3C8363}.Debug|Any CPU.Build.0 = Debug|Any CPU
		{07800C1A-A2CE-4B27-822E-40C85E3C8363}.Release|Any CPU.ActiveCfg = Release|Any CPU
		{07800C1A-A2CE-4B27-822E-40C85E3C8363}.Release|Any CPU.Build.0 = Release|Any CPU
	EndGlobalSection
	GlobalSection(SolutionProperties) = preSolution
		HideSolutionNode = FALSE
	EndGlobalSection
	GlobalSection(ExtensibilityGlobals) = postSolution
		SolutionGuid = {E1BD56CB-2634-47B8-82A8-CB65D6D1BC3C}
	EndGlobalSection
EndGlobal
